
Microsoft Visual Studio Solution File, Format Version 12.00
# Visual Studio Version 17
VisualStudioVersion = 17.11.35219.272
MinimumVisualStudioVersion = 10.0.40219.1
Project("{FAE04EC0-301F-11D3-BF4B-00C04F79EFBC}") = "WFAParameterKeywords_2", "WFAParameterKeywords_2\WFAParameterKeywords_2.csproj", "{ACEFE9FE-CF7E-422D-8145-655B95874081}"
EndProject
Global
	GlobalSection(SolutionConfigurationPlatforms) = preSolution
		Debug|Any CPU = Debug|Any CPU
		Release|Any CPU = Release|Any CPU
	EndGlobalSection
	GlobalSection(ProjectConfigurationPlatforms) = postSolution
		{ACEFE9FE-CF7E-422D-8145-655B95874081}.Debug|Any CPU.ActiveCfg = Debug|Any CPU
		{ACEFE9FE-CF7E-422D-8145-655B95874081}.Debug|Any CPU.Build.0 = Debug|Any CPU
		{ACEFE9FE-CF7E-422D-8145-655B95874081}.Release|Any CPU.ActiveCfg = Release|Any CPU
		{ACEFE9FE-CF7E-422D-8145-655B95874081}.Release|Any CPU.Build.0 = Release|Any CPU
	EndGlobalSection
	GlobalSection(SolutionProperties) = preSolution
		HideSolutionNode = FALSE
	EndGlobalSection
	GlobalSection(ExtensibilityGlobals) = postSolution
		SolutionGuid = {CFC17B32-A037-4DFC-91B8-E65CE7D0223A}
	EndGlobalSection
EndGlobal
